// !$*UTF8*$!
{
	archiveVersion = 1;
	classes = {
	};
	objectVersion = 56;
	objects = {

/* Begin PBXBuildFile section */
		DC465B282C1AF67400EAB5F9 /* GeminiChatPOCApp.swift in Sources */ = {isa = PBXBuildFile; fileRef = DC465B272C1AF67400EAB5F9 /* GeminiChatPOCApp.swift */; };
		DC465B2A2C1AF67400EAB5F9 /* ContentView.swift in Sources */ = {isa = PBXBuildFile; fileRef = DC465B292C1AF67400EAB5F9 /* ContentView.swift */; };
		DC465B2C2C1AF67500EAB5F9 /* Assets.xcassets in Resources */ = {isa = PBXBuildFile; fileRef = DC465B2B2C1AF67500EAB5F9 /* Assets.xcassets */; };
		DC465B2F2C1AF67500EAB5F9 /* Preview Assets.xcassets in Resources */ = {isa = PBXBuildFile; fileRef = DC465B2E2C1AF67500EAB5F9 /* Preview Assets.xcassets */; };
		DC465B372C1AF6F700EAB5F9 /* GoogleGenerativeAI in Frameworks */ = {isa = PBXBuildFile; productRef = DC465B362C1AF6F700EAB5F9 /* GoogleGenerativeAI */; };
		DC465B392C1AF7C600EAB5F9 /* GenerativeAI-Info.plist in Resources */ = {isa = PBXBuildFile; fileRef = DC465B382C1AF7C600EAB5F9 /* GenerativeAI-Info.plist */; };
		DC465B3B2C1AF81900EAB5F9 /* APIKey.swift in Sources */ = {isa = PBXBuildFile; fileRef = DC465B3A2C1AF81900EAB5F9 /* APIKey.swift */; };
/* End PBXBuildFile section */

/* Begin PBXFileReference section */
		DC465B242C1AF67400EAB5F9 /* GeminiChatPOC.app */ = {isa = PBXFileReference; explicitFileType = wrapper.application; includeInIndex = 0; path = GeminiChatPOC.app; sourceTree = BUILT_PRODUCTS_DIR; };
		DC465B272C1AF67400EAB5F9 /* GeminiChatPOCApp.swift */ = {isa = PBXFileReference; lastKnownFileType = sourcecode.swift; path = GeminiChatPOCApp.swift; sourceTree = "<group>"; };
		DC465B292C1AF67400EAB5F9 /* ContentView.swift */ = {isa = PBXFileReference; lastKnownFileType = sourcecode.swift; path = ContentView.swift; sourceTree = "<group>"; };
		DC465B2B2C1AF67500EAB5F9 /* Assets.xcassets */ = {isa = PBXFileReference; lastKnownFileType = folder.assetcatalog; path = Assets.xcassets; sourceTree = "<group>"; };
		DC465B2E2C1AF67500EAB5F9 /* Preview Assets.xcassets */ = {isa = PBXFileReference; lastKnownFileType = folder.assetcatalog; path = "Preview Assets.xcassets"; sourceTree = "<group>"; };
		DC465B382C1AF7C600EAB5F9 /* GenerativeAI-Info.plist */ = {isa = PBXFileReference; lastKnownFileType = text.plist.xml; path = "GenerativeAI-Info.plist"; sourceTree = "<group>"; };
		DC465B3A2C1AF81900EAB5F9 /* APIKey.swift */ = {isa = PBXFileReference; lastKnownFileType = sourcecode.swift; path = APIKey.swift; sourceTree = "<group>"; };
/* End PBXFileReference section */

/* Begin PBXFrameworksBuildPhase section */
		DC465B212C1AF67400EAB5F9 /* Frameworks */ = {
			isa = PBXFrameworksBuildPhase;
			buildActionMask = 2147483647;
			files = (
				DC465B372C1AF6F700EAB5F9 /* GoogleGenerativeAI in Frameworks */,
			);
			runOnlyForDeploymentPostprocessing = 0;
		};
/* End PBXFrameworksBuildPhase section */

/* Begin PBXGroup section */
		DC465B1B2C1AF67400EAB5F9 = {
			isa = PBXGroup;
			children = (
				DC465B262C1AF67400EAB5F9 /* GeminiChatPOC */,
				DC465B252C1AF67400EAB5F9 /* Products */,
			);
			sourceTree = "<group>";
		};
		DC465B252C1AF67400EAB5F9 /* Products */ = {
			isa = PBXGroup;
			children = (
				DC465B242C1AF67400EAB5F9 /* GeminiChatPOC.app */,
			);
			name = Products;
			sourceTree = "<group>";
		};
		DC465B262C1AF67400EAB5F9 /* GeminiChatPOC */ = {
			isa = PBXGroup;
			children = (
				DC465B272C1AF67400EAB5F9 /* GeminiChatPOCApp.swift */,
				DC465B292C1AF67400EAB5F9 /* ContentView.swift */,
				DC465B382C1AF7C600EAB5F9 /* GenerativeAI-Info.plist */,
				DC465B3A2C1AF81900EAB5F9 /* APIKey.swift */,
				DC465B2B2C1AF67500EAB5F9 /* Assets.xcassets */,
				DC465B2D2C1AF67500EAB5F9 /* Preview Content */,
			);
			path = GeminiChatPOC;
			sourceTree = "<group>";
		};
		DC465B2D2C1AF67500EAB5F9 /* Preview Content */ = {
			isa = PBXGroup;
			children = (
				DC465B2E2C1AF67500EAB5F9 /* Preview Assets.xcassets */,
			);
			path = "Preview Content";
			sourceTree = "<group>";
		};
/* End PBXGroup section */

/* Begin PBXNativeTarget section */
		DC465B232C1AF67400EAB5F9 /* GeminiChatPOC */ = {
			isa = PBXNativeTarget;
			buildConfigurationList = DC465B322C1AF67500EAB5F9 /* Build configuration list for PBXNativeTarget "GeminiChatPOC" */;
			buildPhases = (
				DC465B202C1AF67400EAB5F9 /* Sources */,
				DC465B212C1AF67400EAB5F9 /* Frameworks */,
				DC465B222C1AF67400EAB5F9 /* Resources */,
			);
			buildRules = (
			);
			dependencies = (
			);
			name = GeminiChatPOC;
			packageProductDependencies = (
				DC465B362C1AF6F700EAB5F9 /* GoogleGenerativeAI */,
			);
			productName = GeminiChatPOC;
			productReference = DC465B242C1AF67400EAB5F9 /* GeminiChatPOC.app */;
			productType = "com.apple.product-type.application";
		};
/* End PBXNativeTarget section */

/* Begin PBXProject section */
		DC465B1C2C1AF67400EAB5F9 /* Project object */ = {
			isa = PBXProject;
			attributes = {
				BuildIndependentTargetsInParallel = 1;
				LastSwiftUpdateCheck = 1530;
				LastUpgradeCheck = 1530;
				TargetAttributes = {
					DC465B232C1AF67400EAB5F9 = {
						CreatedOnToolsVersion = 15.3;
					};
				};
			};
			buildConfigurationList = DC465B1F2C1AF67400EAB5F9 /* Build configuration list for PBXProject "GeminiChatPOC" */;
			compatibilityVersion = "Xcode 14.0";
			developmentRegion = en;
			hasScannedForEncodings = 0;
			knownRegions = (
				en,
				Base,
			);
			mainGroup = DC465B1B2C1AF67400EAB5F9;
			packageReferences = (
				DC465B352C1AF6F700EAB5F9 /* XCRemoteSwiftPackageReference "generative-ai-swift" */,
			);
			productRefGroup = DC465B252C1AF67400EAB5F9 /* Products */;
			projectDirPath = "";
			projectRoot = "";
			targets = (
				DC465B232C1AF67400EAB5F9 /* GeminiChatPOC */,
			);
		};
/* End PBXProject section */

/* Begin PBXResourcesBuildPhase section */
		DC465B222C1AF67400EAB5F9 /* Resources */ = {
			isa = PBXResourcesBuildPhase;
			buildActionMask = 2147483647;
			files = (
				DC465B2F2C1AF67500EAB5F9 /* Preview Assets.xcassets in Resources */,
				DC465B2C2C1AF67500EAB5F9 /* Assets.xcassets in Resources */,
				DC465B392C1AF7C600EAB5F9 /* GenerativeAI-Info.plist in Resources */,
			);
			runOnlyForDeploymentPostprocessing = 0;
		};
/* End PBXResourcesBuildPhase section */

/* Begin PBXSourcesBuildPhase section */
		DC465B202C1AF67400EAB5F9 /* Sources */ = {
			isa = PBXSourcesBuildPhase;
			buildActionMask = 2147483647;
			files = (
				DC465B2A2C1AF67400EAB5F9 /* ContentView.swift in Sources */,
				DC465B3B2C1AF81900EAB5F9 /* APIKey.swift in Sources */,
				DC465B282C1AF67400EAB5F9 /* GeminiChatPOCApp.swift in Sources */,
			);
			runOnlyForDeploymentPostprocessing = 0;
		};
/* End PBXSourcesBuildPhase section */

/* Begin XCBuildConfiguration section */
		DC465B302C1AF67500EAB5F9 /* Debug */ = {
			isa = XCBuildConfiguration;
			buildSettings = {
				ALWAYS_SEARCH_USER_PATHS = NO;
				ASSETCATALOG_COMPILER_GENERATE_SWIFT_ASSET_SYMBOL_EXTENSIONS = YES;
				CLANG_ANALYZER_NONNULL = YES;
				CLANG_ANALYZER_NUMBER_OBJECT_CONVERSION = YES_AGGRESSIVE;
				CLANG_CXX_LANGUAGE_STANDARD = "gnu++20";
				CLANG_ENABLE_MODULES = YES;
				CLANG_ENABLE_OBJC_ARC = YES;
				CLANG_ENABLE_OBJC_WEAK = YES;
				CLANG_WARN_BLOCK_CAPTURE_AUTORELEASING = YES;
				CLANG_WARN_BOOL_CONVERSION = YES;
				CLANG_WARN_COMMA = YES;
				CLANG_WARN_CONSTANT_CONVERSION = YES;
				CLANG_WARN_DEPRECATED_OBJC_IMPLEMENTATIONS = YES;
				CLANG_WARN_DIRECT_OBJC_ISA_USAGE = YES_ERROR;
				CLANG_WARN_DOCUMENTATION_COMMENTS = YES;
				CLANG_WARN_EMPTY_BODY = YES;
				CLANG_WARN_ENUM_CONVERSION = YES;
				CLANG_WARN_INFINITE_RECURSION = YES;
				CLANG_WARN_INT_CONVERSION = YES;
				CLANG_WARN_NON_LITERAL_NULL_CONVERSION = YES;
				CLANG_WARN_OBJC_IMPLICIT_RETAIN_SELF = YES;
				CLANG_WARN_OBJC_LITERAL_CONVERSION = YES;
				CLANG_WARN_OBJC_ROOT_CLASS = YES_ERROR;
				CLANG_WARN_QUOTED_INCLUDE_IN_FRAMEWORK_HEADER = YES;
				CLANG_WARN_RANGE_LOOP_ANALYSIS = YES;
				CLANG_WARN_STRICT_PROTOTYPES = YES;
				CLANG_WARN_SUSPICIOUS_MOVE = YES;
				CLANG_WARN_UNGUARDED_AVAILABILITY = YES_AGGRESSIVE;
				CLANG_WARN_UNREACHABLE_CODE = YES;
				CLANG_WARN__DUPLICATE_METHOD_MATCH = YES;
				COPY_PHASE_STRIP = NO;
				DEBUG_INFORMATION_FORMAT = dwarf;
				ENABLE_STRICT_OBJC_MSGSEND = YES;
				ENABLE_TESTABILITY = YES;
				ENABLE_USER_SCRIPT_SANDBOXING = YES;
				GCC_C_LANGUAGE_STANDARD = gnu17;
				GCC_DYNAMIC_NO_PIC = NO;
				GCC_NO_COMMON_BLOCKS = YES;
				GCC_OPTIMIZATION_LEVEL = 0;
				GCC_PREPROCESSOR_DEFINITIONS = (
					"DEBUG=1",
					"$(inherited)",
				);
				GCC_WARN_64_TO_32_BIT_CONVERSION = YES;
				GCC_WARN_ABOUT_RETURN_TYPE = YES_ERROR;
				GCC_WARN_UNDECLARED_SELECTOR = YES;
				GCC_WARN_UNINITIALIZED_AUTOS = YES_AGGRESSIVE;
				GCC_WARN_UNUSED_FUNCTION = YES;
				GCC_WARN_UNUSED_VARIABLE = YES;
				IPHONEOS_DEPLOYMENT_TARGET = 17.4;
				LOCALIZATION_PREFERS_STRING_CATALOGS = YES;
				MTL_ENABLE_DEBUG_INFO = INCLUDE_SOURCE;
				MTL_FAST_MATH = YES;
				ONLY_ACTIVE_ARCH = YES;
				SDKROOT = iphoneos;
				SWIFT_ACTIVE_COMPILATION_CONDITIONS = "DEBUG $(inherited)";
				SWIFT_OPTIMIZATION_LEVEL = "-Onone";
			};
			name = Debug;
		};
		DC465B312C1AF67500EAB5F9 /* Release */ = {
			isa = XCBuildConfiguration;
			buildSettings = {
				ALWAYS_SEARCH_USER_PATHS = NO;
				ASSETCATALOG_COMPILER_GENERATE_SWIFT_ASSET_SYMBOL_EXTENSIONS = YES;
				CLANG_ANALYZER_NONNULL = YES;
				CLANG_ANALYZER_NUMBER_OBJECT_CONVERSION = YES_AGGRESSIVE;
				CLANG_CXX_LANGUAGE_STANDARD = "gnu++20";
				CLANG_ENABLE_MODULES = YES;
				CLANG_ENABLE_OBJC_ARC = YES;
				CLANG_ENABLE_OBJC_WEAK = YES;
				CLANG_WARN_BLOCK_CAPTURE_AUTORELEASING = YES;
				CLANG_WARN_BOOL_CONVERSION = YES;
				CLANG_WARN_COMMA = YES;
				CLANG_WARN_CONSTANT_CONVERSION = YES;
				CLANG_WARN_DEPRECATED_OBJC_IMPLEMENTATIONS = YES;
				CLANG_WARN_DIRECT_OBJC_ISA_USAGE = YES_ERROR;
				CLANG_WARN_DOCUMENTATION_COMMENTS = YES;
				CLANG_WARN_EMPTY_BODY = YES;
				CLANG_WARN_ENUM_CONVERSION = YES;
				CLANG_WARN_INFINITE_RECURSION = YES;
				CLANG_WARN_INT_CONVERSION = YES;
				CLANG_WARN_NON_LITERAL_NULL_CONVERSION = YES;
				CLANG_WARN_OBJC_IMPLICIT_RETAIN_SELF = YES;
				CLANG_WARN_OBJC_LITERAL_CONVERSION = YES;
				CLANG_WARN_OBJC_ROOT_CLASS = YES_ERROR;
				CLANG_WARN_QUOTED_INCLUDE_IN_FRAMEWORK_HEADER = YES;
				CLANG_WARN_RANGE_LOOP_ANALYSIS = YES;
				CLANG_WARN_STRICT_PROTOTYPES = YES;
				CLANG_WARN_SUSPICIOUS_MOVE = YES;
				CLANG_WARN_UNGUARDED_AVAILABILITY = YES_AGGRESSIVE;
				CLANG_WARN_UNREACHABLE_CODE = YES;
				CLANG_WARN__DUPLICATE_METHOD_MATCH = YES;
				COPY_PHASE_STRIP = NO;
				DEBUG_INFORMATION_FORMAT = "dwarf-with-dsym";
				ENABLE_NS_ASSERTIONS = NO;
				ENABLE_STRICT_OBJC_MSGSEND = YES;
				ENABLE_USER_SCRIPT_SANDBOXING = YES;
				GCC_C_LANGUAGE_STANDARD = gnu17;
				GCC_NO_COMMON_BLOCKS = YES;
				GCC_WARN_64_TO_32_BIT_CONVERSION = YES;
				GCC_WARN_ABOUT_RETURN_TYPE = YES_ERROR;
				GCC_WARN_UNDECLARED_SELECTOR = YES;
				GCC_WARN_UNINITIALIZED_AUTOS = YES_AGGRESSIVE;
				GCC_WARN_UNUSED_FUNCTION = YES;
				GCC_WARN_UNUSED_VARIABLE = YES;
				IPHONEOS_DEPLOYMENT_TARGET = 17.4;
				LOCALIZATION_PREFERS_STRING_CATALOGS = YES;
				MTL_ENABLE_DEBUG_INFO = NO;
				MTL_FAST_MATH = YES;
				SDKROOT = iphoneos;
				SWIFT_COMPILATION_MODE = wholemodule;
				VALIDATE_PRODUCT = YES;
			};
			name = Release;
		};
		DC465B332C1AF67500EAB5F9 /* Debug */ = {
			isa = XCBuildConfiguration;
			buildSettings = {
				ASSETCATALOG_COMPILER_APPICON_NAME = AppIcon;
				ASSETCATALOG_COMPILER_GLOBAL_ACCENT_COLOR_NAME = AccentColor;
				CODE_SIGN_STYLE = Automatic;
				CURRENT_PROJECT_VERSION = 1;
				DEVELOPMENT_ASSET_PATHS = "\"GeminiChatPOC/Preview Content\"";
				ENABLE_PREVIEWS = YES;
				GENERATE_INFOPLIST_FILE = YES;
				INFOPLIST_KEY_UIApplicationSceneManifest_Generation = YES;
				INFOPLIST_KEY_UIApplicationSupportsIndirectInputEvents = YES;
				INFOPLIST_KEY_UILaunchScreen_Generation = YES;
				INFOPLIST_KEY_UISupportedInterfaceOrientations_iPad = "UIInterfaceOrientationPortrait UIInterfaceOrientationPortraitUpsideDown UIInterfaceOrientationLandscapeLeft UIInterfaceOrientationLandscapeRight";
				INFOPLIST_KEY_UISupportedInterfaceOrientations_iPhone = "UIInterfaceOrientationPortrait UIInterfaceOrientationLandscapeLeft UIInterfaceOrientationLandscapeRight";
				LD_RUNPATH_SEARCH_PATHS = (
					"$(inherited)",
					"@executable_path/Frameworks",
				);
				MARKETING_VERSION = 1.0;
				PRODUCT_BUNDLE_IDENTIFIER = com.par.GeminiChatPOC;
				PRODUCT_NAME = "$(TARGET_NAME)";
				SWIFT_EMIT_LOC_STRINGS = YES;
				SWIFT_VERSION = 5.0;
				TARGETED_DEVICE_FAMILY = "1,2";
			};
			name = Debug;
		};
		DC465B342C1AF67500EAB5F9 /* Release */ = {
			isa = XCBuildConfiguration;
			buildSettings = {
				ASSETCATALOG_COMPILER_APPICON_NAME = AppIcon;
				ASSETCATALOG_COMPILER_GLOBAL_ACCENT_COLOR_NAME = AccentColor;
				CODE_SIGN_STYLE = Automatic;
				CURRENT_PROJECT_VERSION = 1;
				DEVELOPMENT_ASSET_PATHS = "\"GeminiChatPOC/Preview Content\"";
				ENABLE_PREVIEWS = YES;
				GENERATE_INFOPLIST_FILE = YES;
				INFOPLIST_KEY_UIApplicationSceneManifest_Generation = YES;
				INFOPLIST_KEY_UIApplicationSupportsIndirectInputEvents = YES;
				INFOPLIST_KEY_UILaunchScreen_Generation = YES;
				INFOPLIST_KEY_UISupportedInterfaceOrientations_iPad = "UIInterfaceOrientationPortrait UIInterfaceOrientationPortraitUpsideDown UIInterfaceOrientationLandscapeLeft UIInterfaceOrientationLandscapeRight";
				INFOPLIST_KEY_UISupportedInterfaceOrientations_iPhone = "UIInterfaceOrientationPortrait UIInterfaceOrientationLandscapeLeft UIInterfaceOrientationLandscapeRight";
				LD_RUNPATH_SEARCH_PATHS = (
					"$(inherited)",
					"@executable_path/Frameworks",
				);
				MARKETING_VERSION = 1.0;
				PRODUCT_BUNDLE_IDENTIFIER = com.par.GeminiChatPOC;
				PRODUCT_NAME = "$(TARGET_NAME)";
				SWIFT_EMIT_LOC_STRINGS = YES;
				SWIFT_VERSION = 5.0;
				TARGETED_DEVICE_FAMILY = "1,2";
			};
			name = Release;
		};
/* End XCBuildConfiguration section */

/* Begin XCConfigurationList section */
		DC465B1F2C1AF67400EAB5F9 /* Build configuration list for PBXProject "GeminiChatPOC" */ = {
			isa = XCConfigurationList;
			buildConfigurations = (
				DC465B302C1AF67500EAB5F9 /* Debug */,
				DC465B312C1AF67500EAB5F9 /* Release */,
			);
			defaultConfigurationIsVisible = 0;
			defaultConfigurationName = Release;
		};
		DC465B322C1AF67500EAB5F9 /* Build configuration list for PBXNativeTarget "GeminiChatPOC" */ = {
			isa = XCConfigurationList;
			buildConfigurations = (
				DC465B332C1AF67500EAB5F9 /* Debug */,
				DC465B342C1AF67500EAB5F9 /* Release */,
			);
			defaultConfigurationIsVisible = 0;
			defaultConfigurationName = Release;
		};
/* End XCConfigurationList section */

/* Begin XCRemoteSwiftPackageReference section */
		DC465B352C1AF6F700EAB5F9 /* XCRemoteSwiftPackageReference "generative-ai-swift" */ = {
			isa = XCRemoteSwiftPackageReference;
			repositoryURL = "https://github.com/google/generative-ai-swift";
			requirement = {
				kind = upToNextMajorVersion;
				minimumVersion = 0.5.4;
			};
		};
/* End XCRemoteSwiftPackageReference section */

/* Begin XCSwiftPackageProductDependency section */
		DC465B362C1AF6F700EAB5F9 /* GoogleGenerativeAI */ = {
			isa = XCSwiftPackageProductDependency;
			package = DC465B352C1AF6F700EAB5F9 /* XCRemoteSwiftPackageReference "generative-ai-swift" */;
			productName = GoogleGenerativeAI;
		};
/* End XCSwiftPackageProductDependency section */
	};
	rootObject = DC465B1C2C1AF67400EAB5F9 /* Project object */;
}
